// !$*UTF8*$!
{
	archiveVersion = 1;
	classes = {
	};
	objectVersion = 46;
	objects = {

/* Begin PBXBuildFile section */
		0571EE0D1CBFD1E00018B53F /* main.c in Sources */ = {isa = PBXBuildFile; fileRef = 0571EE0C1CBFD1E00018B53F /* main.c */; };
		0571EE181CBFD1E40018B53F /* main.c in Sources */ = {isa = PBXBuildFile; fileRef = 0571EE171CBFD1E40018B53F /* main.c */; };
/* End PBXBuildFile section */

/* Begin PBXCopyFilesBuildPhase section */
		0571EE081CBFD1E00018B53F /* CopyFiles */ = {
			isa = PBXCopyFilesBuildPhase;
			buildActionMask = 2147483647;
			dstPath = /usr/share/man/man1/;
			dstSubfolderSpec = 0;
			files = (
			);
			runOnlyForDeploymentPostprocessing = 1;
		};
		0571EE131CBFD1E40018B53F /* CopyFiles */ = {
			isa = PBXCopyFilesBuildPhase;
			buildActionMask = 2147483647;
			dstPath = /usr/share/man/man1/;
			dstSubfolderSpec = 0;
			files = (
			);
			runOnlyForDeploymentPostprocessing = 1;
		};
/* End PBXCopyFilesBuildPhase section */

/* Begin PBXFileReference section */
		0571EE0A1CBFD1E00018B53F /* Server */ = {isa = PBXFileReference; explicitFileType = "compiled.mach-o.executable"; includeInIndex = 0; path = Server; sourceTree = BUILT_PRODUCTS_DIR; };
		0571EE0C1CBFD1E00018B53F /* main.c */ = {isa = PBXFileReference; lastKnownFileType = sourcecode.c.c; path = main.c; sourceTree = "<group>"; };
		0571EE151CBFD1E40018B53F /* Client */ = {isa = PBXFileReference; explicitFileType = "compiled.mach-o.executable"; includeInIndex = 0; path = Client; sourceTree = BUILT_PRODUCTS_DIR; };
		0571EE171CBFD1E40018B53F /* main.c */ = {isa = PBXFileReference; lastKnownFileType = sourcecode.c.c; path = main.c; sourceTree = "<group>"; };
/* End PBXFileReference section */

/* Begin PBXFrameworksBuildPhase section */
		0571EE071CBFD1E00018B53F /* Frameworks */ = {
			isa = PBXFrameworksBuildPhase;
			buildActionMask = 2147483647;
			files = (
			);
			runOnlyForDeploymentPostprocessing = 0;
		};
		0571EE121CBFD1E40018B53F /* Frameworks */ = {
			isa = PBXFrameworksBuildPhase;
			buildActionMask = 2147483647;
			files = (
			);
			runOnlyForDeploymentPostprocessing = 0;
		};
/* End PBXFrameworksBuildPhase section */

/* Begin PBXGroup section */
		0571EDF31CBFD1D70018B53F = {
			isa = PBXGroup;
			children = (
				0571EE0B1CBFD1E00018B53F /* Server */,
				0571EE161CBFD1E40018B53F /* Client */,
				0571EDFD1CBFD1D70018B53F /* Products */,
			);
			sourceTree = "<group>";
		};
		0571EDFD1CBFD1D70018B53F /* Products */ = {
			isa = PBXGroup;
			children = (
				0571EE0A1CBFD1E00018B53F /* Server */,
				0571EE151CBFD1E40018B53F /* Client */,
			);
			name = Products;
			sourceTree = "<group>";
		};
		0571EE0B1CBFD1E00018B53F /* Server */ = {
			isa = PBXGroup;
			children = (
				0571EE0C1CBFD1E00018B53F /* main.c */,
			);
			path = Server;
			sourceTree = "<group>";
		};
		0571EE161CBFD1E40018B53F /* Client */ = {
			isa = PBXGroup;
			children = (
				0571EE171CBFD1E40018B53F /* main.c */,
			);
			path = Client;
			sourceTree = "<group>";
		};
/* End PBXGroup section */

/* Begin PBXNativeTarget section */
		0571EE091CBFD1E00018B53F /* Server */ = {
			isa = PBXNativeTarget;
			buildConfigurationList = 0571EE0E1CBFD1E00018B53F /* Build configuration list for PBXNativeTarget "Server" */;
			buildPhases = (
				0571EE061CBFD1E00018B53F /* Sources */,
				0571EE071CBFD1E00018B53F /* Frameworks */,
				0571EE081CBFD1E00018B53F /* CopyFiles */,
			);
			buildRules = (
			);
			dependencies = (
			);
			name = Server;
			productName = Server;
			productReference = 0571EE0A1CBFD1E00018B53F /* Server */;
			productType = "com.apple.product-type.tool";
		};
		0571EE141CBFD1E40018B53F /* Client */ = {
			isa = PBXNativeTarget;
			buildConfigurationList = 0571EE191CBFD1E40018B53F /* Build configuration list for PBXNativeTarget "Client" */;
			buildPhases = (
				0571EE111CBFD1E40018B53F /* Sources */,
				0571EE121CBFD1E40018B53F /* Frameworks */,
				0571EE131CBFD1E40018B53F /* CopyFiles */,
			);
			buildRules = (
			);
			dependencies = (
			);
			name = Client;
			productName = Client;
			productReference = 0571EE151CBFD1E40018B53F /* Client */;
			productType = "com.apple.product-type.tool";
		};
/* End PBXNativeTarget section */

/* Begin PBXProject section */
		0571EDF41CBFD1D70018B53F /* Project object */ = {
			isa = PBXProject;
			attributes = {
				LastUpgradeCheck = 0730;
				ORGANIZATIONNAME = "XS-Labs";
				TargetAttributes = {
					0571EE091CBFD1E00018B53F = {
						CreatedOnToolsVersion = 7.3;
					};
					0571EE141CBFD1E40018B53F = {
						CreatedOnToolsVersion = 7.3;
					};
				};
			};
			buildConfigurationList = 0571EDF71CBFD1D70018B53F /* Build configuration list for PBXProject "CFMessagePort" */;
			compatibilityVersion = "Xcode 3.2";
			developmentRegion = English;
			hasScannedForEncodings = 0;
			knownRegions = (
				en,
			);
			mainGroup = 0571EDF31CBFD1D70018B53F;
			productRefGroup = 0571EDFD1CBFD1D70018B53F /* Products */;
			projectDirPath = "";
			projectRoot = "";
			targets = (
				0571EE091CBFD1E00018B53F /* Server */,
				0571EE141CBFD1E40018B53F /* Client */,
			);
		};
/* End PBXProject section */

/* Begin PBXSourcesBuildPhase section */
		0571EE061CBFD1E00018B53F /* Sources */ = {
			isa = PBXSourcesBuildPhase;
			buildActionMask = 2147483647;
			files = (
				0571EE0D1CBFD1E00018B53F /* main.c in Sources */,
			);
			runOnlyForDeploymentPostprocessing = 0;
		};
		0571EE111CBFD1E40018B53F /* Sources */ = {
			isa = PBXSourcesBuildPhase;
			buildActionMask = 2147483647;
			files = (
				0571EE181CBFD1E40018B53F /* main.c in Sources */,
			);
			runOnlyForDeploymentPostprocessing = 0;
		};
/* End PBXSourcesBuildPhase section */

/* Begin XCBuildConfiguration section */
		0571EE011CBFD1D70018B53F /* Debug */ = {
			isa = XCBuildConfiguration;
			buildSettings = {
				ALWAYS_SEARCH_USER_PATHS = NO;
				CLANG_ANALYZER_NONNULL = YES;
				CLANG_CXX_LANGUAGE_STANDARD = "gnu++0x";
				CLANG_CXX_LIBRARY = "libc++";
				CLANG_ENABLE_MODULES = YES;
				CLANG_ENABLE_OBJC_ARC = YES;
				CLANG_WARN_BOOL_CONVERSION = YES;
				CLANG_WARN_CONSTANT_CONVERSION = YES;
				CLANG_WARN_DIRECT_OBJC_ISA_USAGE = YES_ERROR;
				CLANG_WARN_EMPTY_BODY = YES;
				CLANG_WARN_ENUM_CONVERSION = YES;
				CLANG_WARN_INT_CONVERSION = YES;
				CLANG_WARN_OBJC_ROOT_CLASS = YES_ERROR;
				CLANG_WARN_UNREACHABLE_CODE = YES;
				CLANG_WARN__DUPLICATE_METHOD_MATCH = YES;
				CODE_SIGN_IDENTITY = "-";
				COPY_PHASE_STRIP = NO;
				DEBUG_INFORMATION_FORMAT = dwarf;
				ENABLE_STRICT_OBJC_MSGSEND = YES;
				ENABLE_TESTABILITY = YES;
				GCC_C_LANGUAGE_STANDARD = gnu99;
				GCC_DYNAMIC_NO_PIC = NO;
				GCC_NO_COMMON_BLOCKS = YES;
				GCC_OPTIMIZATION_LEVEL = 0;
				GCC_PREPROCESSOR_DEFINITIONS = (
					"DEBUG=1",
					"$(inherited)",
				);
				GCC_WARN_64_TO_32_BIT_CONVERSION = YES;
				GCC_WARN_ABOUT_RETURN_TYPE = YES_ERROR;
				GCC_WARN_UNDECLARED_SELECTOR = YES;
				GCC_WARN_UNINITIALIZED_AUTOS = YES_AGGRESSIVE;
				GCC_WARN_UNUSED_FUNCTION = YES;
				GCC_WARN_UNUSED_VARIABLE = YES;
				MACOSX_DEPLOYMENT_TARGET = 10.11;
				MTL_ENABLE_DEBUG_INFO = YES;
				ONLY_ACTIVE_ARCH = YES;
				SDKROOT = macosx;
			};
			name = Debug;
		};
		0571EE021CBFD1D70018B53F /* Release */ = {
			isa = XCBuildConfiguration;
			buildSettings = {
				ALWAYS_SEARCH_USER_PATHS = NO;
				CLANG_ANALYZER_NONNULL = YES;
				CLANG_CXX_LANGUAGE_STANDARD = "gnu++0x";
				CLANG_CXX_LIBRARY = "libc++";
				CLANG_ENABLE_MODULES = YES;
				CLANG_ENABLE_OBJC_ARC = YES;
				CLANG_WARN_BOOL_CONVERSION = YES;
				CLANG_WARN_CONSTANT_CONVERSION = YES;
				CLANG_WARN_DIRECT_OBJC_ISA_USAGE = YES_ERROR;
				CLANG_WARN_EMPTY_BODY = YES;
				CLANG_WARN_ENUM_CONVERSION = YES;
				CLANG_WARN_INT_CONVERSION = YES;
				CLANG_WARN_OBJC_ROOT_CLASS = YES_ERROR;
				CLANG_WARN_UNREACHABLE_CODE = YES;
				CLANG_WARN__DUPLICATE_METHOD_MATCH = YES;
				CODE_SIGN_IDENTITY = "-";
				COPY_PHASE_STRIP = NO;
				DEBUG_INFORMATION_FORMAT = "dwarf-with-dsym";
				ENABLE_NS_ASSERTIONS = NO;
				ENABLE_STRICT_OBJC_MSGSEND = YES;
				GCC_C_LANGUAGE_STANDARD = gnu99;
				GCC_NO_COMMON_BLOCKS = YES;
				GCC_WARN_64_TO_32_BIT_CONVERSION = YES;
				GCC_WARN_ABOUT_RETURN_TYPE = YES_ERROR;
				GCC_WARN_UNDECLARED_SELECTOR = YES;
				GCC_WARN_UNINITIALIZED_AUTOS = YES_AGGRESSIVE;
				GCC_WARN_UNUSED_FUNCTION = YES;
				GCC_WARN_UNUSED_VARIABLE = YES;
				MACOSX_DEPLOYMENT_TARGET = 10.11;
				MTL_ENABLE_DEBUG_INFO = NO;
				SDKROOT = macosx;
			};
			name = Release;
		};
		0571EE0F1CBFD1E00018B53F /* Debug */ = {
			isa = XCBuildConfiguration;
			buildSettings = {
				PRODUCT_NAME = "$(TARGET_NAME)";
			};
			name = Debug;
		};
		0571EE101CBFD1E00018B53F /* Release */ = {
			isa = XCBuildConfiguration;
			buildSettings = {
				PRODUCT_NAME = "$(TARGET_NAME)";
			};
			name = Release;
		};
		0571EE1A1CBFD1E40018B53F /* Debug */ = {
			isa = XCBuildConfiguration;
			buildSettings = {
				PRODUCT_NAME = "$(TARGET_NAME)";
			};
			name = Debug;
		};
		0571EE1B1CBFD1E40018B53F /* Release */ = {
			isa = XCBuildConfiguration;
			buildSettings = {
				PRODUCT_NAME = "$(TARGET_NAME)";
			};
			name = Release;
		};
/* End XCBuildConfiguration section */

/* Begin XCConfigurationList section */
		0571EDF71CBFD1D70018B53F /* Build configuration list for PBXProject "CFMessagePort" */ = {
			isa = XCConfigurationList;
			buildConfigurations = (
				0571EE011CBFD1D70018B53F /* Debug */,
				0571EE021CBFD1D70018B53F /* Release */,
			);
			defaultConfigurationIsVisible = 0;
			defaultConfigurationName = Release;
		};
		0571EE0E1CBFD1E00018B53F /* Build configuration list for PBXNativeTarget "Server" */ = {
			isa = XCConfigurationList;
			buildConfigurations = (
				0571EE0F1CBFD1E00018B53F /* Debug */,
				0571EE101CBFD1E00018B53F /* Release */,
			);
			defaultConfigurationIsVisible = 0;
		};
		0571EE191CBFD1E40018B53F /* Build configuration list for PBXNativeTarget "Client" */ = {
			isa = XCConfigurationList;
			buildConfigurations = (
				0571EE1A1CBFD1E40018B53F /* Debug */,
				0571EE1B1CBFD1E40018B53F /* Release */,
			);
			defaultConfigurationIsVisible = 0;
		};
/* End XCConfigurationList section */
	};
	rootObject = 0571EDF41CBFD1D70018B53F /* Project object */;
}
